<?xml version="1.0" encoding="utf-8"?>
<Project ToolsVersion="4.0" xmlns="http://schemas.microsoft.com/developer/msbuild/2003">
  <ItemGroup>
    <Filter Include="Source Files">
      <UniqueIdentifier>{4FC737F1-C7A5-4376-A066-2A32D752A2FF}</UniqueIdentifier>
      <Extensions>cpp;c;cc;cxx;def;odl;idl;hpj;bat;asm;asmx</Extensions>
    </Filter>
    <Filter Include="Header Files">
      <UniqueIdentifier>{93995380-89BD-4b04-88EB-625FBE52EBFB}</UniqueIdentifier>
      <Extensions>h;hpp;hxx;hm;inl;inc;xsd</Extensions>
    </Filter>
    <Filter Include="Resource Files">
      <UniqueIdentifier>{67DA6AB6-F800-4c08-8B7A-83BB121AAD01}</UniqueIdentifier>
      <Extensions>rc;ico;cur;bmp;dlg;rc2;rct;bin;rgs;gif;jpg;jpeg;jpe;resx;tiff;tif;png;wav;mfcribbon-ms</Extensions>
    </Filter>
    <Filter Include="SGD Wrappers">
      <UniqueIdentifier>{55865c58-40c0-4f22-a9c7-f081669d7af9}</UniqueIdentifier>
    </Filter>
    <Filter Include="XML">
      <UniqueIdentifier>{2fbecb5f-0441-44d0-925d-7f1875a6933c}</UniqueIdentifier>
    </Filter>
    <Filter Include="States">
      <UniqueIdentifier>{1695c97c-599e-4a16-807b-ffbd564a7694}</UniqueIdentifier>
    </Filter>
    <Filter Include="Managers / Factories">
      <UniqueIdentifier>{c351596b-2817-4c58-83b7-370886cb68c6}</UniqueIdentifier>
    </Filter>
  </ItemGroup>
  <ItemGroup>
    <ClCompile Include="source\CBase.cpp">
      <Filter>Source Files</Filter>
    </ClCompile>
    <ClCompile Include="source\CGame.cpp">
      <Filter>Source Files</Filter>
    </ClCompile>
    <ClCompile Include="source\SGD_Math.cpp">
      <Filter>Source Files</Filter>
    </ClCompile>
    <ClCompile Include="source\WinMain.cpp">
      <Filter>Source Files</Filter>
    </ClCompile>
    <ClCompile Include="source\SGD Wrappers\CSGD_Direct3D.cpp">
      <Filter>SGD Wrappers</Filter>
    </ClCompile>
    <ClCompile Include="source\SGD Wrappers\CSGD_DirectInput.cpp">
      <Filter>SGD Wrappers</Filter>
    </ClCompile>
    <ClCompile Include="source\SGD Wrappers\CSGD_TextureManager.cpp">
      <Filter>SGD Wrappers</Filter>
    </ClCompile>
    <ClCompile Include="source\SGD Wrappers\CSGD_XAudio2.cpp">
      <Filter>SGD Wrappers</Filter>
    </ClCompile>
    <ClCompile Include="source\XML\tinystr.cpp">
      <Filter>XML</Filter>
    </ClCompile>
    <ClCompile Include="source\XML\tinyxml.cpp">
      <Filter>XML</Filter>
    </ClCompile>
    <ClCompile Include="source\XML\tinyxmlerror.cpp">
      <Filter>XML</Filter>
    </ClCompile>
    <ClCompile Include="source\XML\tinyxmlparser.cpp">
      <Filter>XML</Filter>
    </ClCompile>
    <ClCompile Include="source\XML\xmltest.cpp">
      <Filter>XML</Filter>
    </ClCompile>
    <ClCompile Include="source\States\CGameplay_State.cpp">
      <Filter>States</Filter>
    </ClCompile>
    <ClCompile Include="source\States\CMenu_State.cpp">
      <Filter>States</Filter>
    </ClCompile>
    <ClCompile Include="source\States\CPause_State.cpp">
      <Filter>States</Filter>
    </ClCompile>
    <ClCompile Include="source\States\CArcadeMode_State.cpp">
      <Filter>States</Filter>
    </ClCompile>
    <ClCompile Include="source\Managers\CBeatManager.cpp">
      <Filter>Managers / Factories</Filter>
    </ClCompile>
    <ClCompile Include="source\CBeat.cpp">
      <Filter>Source Files</Filter>
    </ClCompile>
    <ClCompile Include="source\CSong.cpp">
      <Filter>Source Files</Filter>
    </ClCompile>
    <ClCompile Include="source\CFrame.cpp">
      <Filter>Source Files</Filter>
    </ClCompile>
    <ClCompile Include="source\CAnimation.cpp">
      <Filter>Source Files</Filter>
    </ClCompile>
    <ClCompile Include="source\Managers\CAnimationManager.cpp">
      <Filter>Managers / Factories</Filter>
    </ClCompile>
    <ClCompile Include="source\CParticle.cpp">
      <Filter>Source Files</Filter>
    </ClCompile>
    <ClCompile Include="source\CEmitter.cpp">
      <Filter>Source Files</Filter>
    </ClCompile>
    <ClCompile Include="source\CFX.cpp">
      <Filter>Source Files</Filter>
    </ClCompile>
    <ClCompile Include="source\Managers\CFXManager.cpp">
      <Filter>Managers / Factories</Filter>
    </ClCompile>
    <ClCompile Include="source\Managers\CXml_Manager.cpp">
      <Filter>Managers / Factories</Filter>
    </ClCompile>
    <ClCompile Include="source\States\CCharacterSelect_State.cpp">
      <Filter>States</Filter>
    </ClCompile>
    <ClCompile Include="source\States\CLoad_State.cpp">
      <Filter>States</Filter>
    </ClCompile>
    <ClCompile Include="source\States\CSave_State.cpp">
      <Filter>States</Filter>
    </ClCompile>
    <ClCompile Include="source\States\CLevelSelect_State.cpp">
      <Filter>States</Filter>
    </ClCompile>
    <ClCompile Include="source\Managers\CObjectManager.cpp">
      <Filter>Managers / Factories</Filter>
    </ClCompile>
    <ClCompile Include="source\Timer.cpp">
      <Filter>Source Files</Filter>
    </ClCompile>
    <ClCompile Include="source\States\CBitmapFont.cpp">
      <Filter>Source Files</Filter>
    </ClCompile>
    <ClCompile Include="source\States\COptionsState.cpp">
      <Filter>Source Files</Filter>
    </ClCompile>
    <ClCompile Include="source\Managers\CEventSystem.cpp">
      <Filter>Managers / Factories</Filter>
    </ClCompile>
    <ClCompile Include="source\Managers\CMessages.cpp">
      <Filter>Managers / Factories</Filter>
    </ClCompile>
    <ClCompile Include="source\Managers\CMessageSystem.cpp">
      <Filter>Managers / Factories</Filter>
    </ClCompile>
  </ItemGroup>
  <ItemGroup>
    <ClInclude Include="source\CBase.h">
      <Filter>Header Files</Filter>
    </ClInclude>
    <ClInclude Include="source\CGame.h">
      <Filter>Header Files</Filter>
    </ClInclude>
    <ClInclude Include="source\IBaseInterface.h">
      <Filter>Header Files</Filter>
    </ClInclude>
    <ClInclude Include="source\SGD_Math.h">
      <Filter>Header Files</Filter>
    </ClInclude>
    <ClInclude Include="source\SGD Wrappers\CSGD_Direct3D.h">
      <Filter>SGD Wrappers</Filter>
    </ClInclude>
    <ClInclude Include="source\SGD Wrappers\CSGD_DirectInput.h">
      <Filter>SGD Wrappers</Filter>
    </ClInclude>
    <ClInclude Include="source\SGD Wrappers\CSGD_TextureManager.h">
      <Filter>SGD Wrappers</Filter>
    </ClInclude>
    <ClInclude Include="source\SGD Wrappers\CSGD_XAudio2.h">
      <Filter>SGD Wrappers</Filter>
    </ClInclude>
    <ClInclude Include="source\SGD Wrappers\SGD_Util.h">
      <Filter>SGD Wrappers</Filter>
    </ClInclude>
    <ClInclude Include="source\XML\tinystr.h">
      <Filter>XML</Filter>
    </ClInclude>
    <ClInclude Include="source\XML\tinyxml.h">
      <Filter>XML</Filter>
    </ClInclude>
    <ClInclude Include="source\States\CGameplay_State.h">
      <Filter>States</Filter>
    </ClInclude>
    <ClInclude Include="source\States\CMenu_State.h">
      <Filter>States</Filter>
    </ClInclude>
    <ClInclude Include="source\States\IGameState.h">
      <Filter>States</Filter>
    </ClInclude>
    <ClInclude Include="source\States\CPause_State.h">
      <Filter>States</Filter>
    </ClInclude>
    <ClInclude Include="source\States\CArcadeMode_State.h">
      <Filter>States</Filter>
    </ClInclude>
    <ClInclude Include="source\Managers\CBeatManager.h">
      <Filter>Managers / Factories</Filter>
    </ClInclude>
    <ClInclude Include="source\CSong.h">
      <Filter>Header Files</Filter>
    </ClInclude>
    <ClInclude Include="source\CBeat.h">
      <Filter>Header Files</Filter>
    </ClInclude>
    <ClInclude Include="source\CAnimation.h">
      <Filter>Header Files</Filter>
    </ClInclude>
    <ClInclude Include="source\CFrame.h">
      <Filter>Header Files</Filter>
    </ClInclude>
    <ClInclude Include="source\Managers\CAnimationManager.h">
      <Filter>Managers / Factories</Filter>
    </ClInclude>
    <ClInclude Include="source\CParticle.h">
      <Filter>Header Files</Filter>
    </ClInclude>
    <ClInclude Include="source\CEmitter.h">
      <Filter>Header Files</Filter>
    </ClInclude>
    <ClInclude Include="source\CFX.h">
      <Filter>Header Files</Filter>
    </ClInclude>
    <ClInclude Include="source\Managers\CFXManager.h">
      <Filter>Managers / Factories</Filter>
    </ClInclude>
    <ClInclude Include="source\Managers\CXml_Manager.h">
      <Filter>Managers / Factories</Filter>
    </ClInclude>
    <ClInclude Include="source\States\CCharacterSelect_State.h">
      <Filter>States</Filter>
    </ClInclude>
    <ClInclude Include="source\States\CLoad_State.h">
      <Filter>States</Filter>
    </ClInclude>
    <ClInclude Include="source\States\CSave_State.h">
      <Filter>States</Filter>
    </ClInclude>
    <ClInclude Include="source\States\CLevelSelect_State.h">
      <Filter>States</Filter>
    </ClInclude>
    <ClInclude Include="source\Managers\CObjectManager.h">
      <Filter>Managers / Factories</Filter>
    </ClInclude>
    <ClInclude Include="source\Managers\CObjectFactory.h">
      <Filter>Managers / Factories</Filter>
    </ClInclude>
    <ClInclude Include="source\Timer.h">
      <Filter>Header Files</Filter>
    </ClInclude>
    <ClInclude Include="source\JCMacros.h">
      <Filter>Header Files</Filter>
    </ClInclude>
   <ClInclude Include="source\States\CBitmapFont.h">
      <Filter>Header Files</Filter>
    </ClInclude>
    <ClInclude Include="source\States\COptionsState.h">
      <Filter>Header Files</Filter>
    </ClInclude>
    <ClInclude Include="source\Managers\CEvent.h">
      <Filter>Managers / Factories</Filter>
    </ClInclude>
    <ClInclude Include="source\Managers\CEventSystem.h">
      <Filter>Managers / Factories</Filter>
    </ClInclude>
    <ClInclude Include="source\Managers\CMessages.h">
      <Filter>Managers / Factories</Filter>
    </ClInclude>
    <ClInclude Include="source\Managers\CMessageSystem.h">
      <Filter>Managers / Factories</Filter>
    </ClInclude>
    <ClInclude Include="source\Managers\IListener.h">
      <Filter>Managers / Factories</Filter>
    </ClInclude>
  </ItemGroup>
</Project>